{
  "version": 4,
  "terraform_version": "0.12.26",
  "serial": 5,
  "lineage": "a2189455-c9cb-1e89-8abf-8e567f114e47",
  "outputs": {},
  "resources": [
    {
      "mode": "managed",
      "type": "google_compute_firewall",
      "name": "k8s-allow-external",
      "provider": "provider.google",
      "instances": [
        {
          "schema_version": 1,
          "attributes": {
            "allow": [
              {
                "ports": [
                  "30000-32767"
                ],
                "protocol": "tcp"
              }
            ],
            "creation_timestamp": "2020-07-11T11:27:29.504-07:00",
            "deny": [],
            "description": "",
            "destination_ranges": [],
            "direction": "INGRESS",
            "disabled": false,
            "id": "k8s-allow-external",
            "name": "k8s-allow-external",
            "network": "https://www.googleapis.com/compute/v1/projects/docker-279821/global/networks/default",
            "priority": 1000,
            "project": "docker-279821",
            "self_link": "https://www.googleapis.com/compute/v1/projects/docker-279821/global/firewalls/k8s-allow-external",
            "source_ranges": [
              "0.0.0.0/0"
            ],
            "source_service_accounts": [],
            "source_tags": [],
            "target_service_accounts": [],
            "target_tags": [
              "app"
            ],
            "timeouts": null
          },
          "private": "eyJlMmJmYjczMC1lY2FhLTExZTYtOGY4OC0zNDM2M2JjN2M0YzAiOnsiY3JlYXRlIjoyNDAwMDAwMDAwMDAsImRlbGV0ZSI6MjQwMDAwMDAwMDAwLCJ1cGRhdGUiOjI0MDAwMDAwMDAwMH0sInNjaGVtYV92ZXJzaW9uIjoiMSJ9"
        }
      ]
    },
    {
      "mode": "managed",
      "type": "google_container_cluster",
      "name": "k8s",
      "provider": "provider.google",
      "instances": [
        {
          "schema_version": 1,
          "attributes": {
            "additional_zones": [
              "us-central1-a",
              "us-central1-b",
              "us-central1-f"
            ],
            "addons_config": [
              {
                "horizontal_pod_autoscaling": [],
                "http_load_balancing": [],
                "kubernetes_dashboard": [
                  {
                    "disabled": true
                  }
                ],
                "network_policy_config": [
                  {
                    "disabled": true
                  }
                ]
              }
            ],
            "cluster_autoscaling": [],
            "cluster_ipv4_cidr": "10.52.0.0/14",
            "description": "",
            "enable_binary_authorization": null,
            "enable_intranode_visibility": null,
            "enable_kubernetes_alpha": false,
            "enable_legacy_abac": false,
            "enable_tpu": null,
            "endpoint": "35.224.54.224",
            "id": "k8s",
            "initial_node_count": 1,
            "instance_group_urls": [],
            "ip_allocation_policy": [
              {
                "cluster_ipv4_cidr_block": "",
                "cluster_secondary_range_name": "",
                "create_subnetwork": false,
                "node_ipv4_cidr_block": "10.128.0.0/20",
                "services_ipv4_cidr_block": "",
                "services_secondary_range_name": "",
                "subnetwork_name": "",
                "use_ip_aliases": false
              }
            ],
            "location": "us-central1",
            "logging_service": "logging.googleapis.com/kubernetes",
            "maintenance_policy": [],
            "master_auth": [
              {
                "client_certificate": "",
                "client_certificate_config": [
                  {
                    "issue_client_certificate": false
                  }
                ],
                "client_key": "",
                "cluster_ca_certificate": "LS0tLS1CRUdJTiBDRVJUSUZJQ0FURS0tLS0tCk1JSURDekNDQWZPZ0F3SUJBZ0lRT0dPTVFtUEh4bHByazRYUC9sZmhtREFOQmdrcWhraUc5dzBCQVFzRkFEQXYKTVMwd0t3WURWUVFERXlRMk9UYzNORGcwWmkxa09UazBMVFJsTWprdFltRmlaQzA1TW1ZMk56QmtOVFkwTVRNdwpIaGNOTWpBd056RXhNVGN6TlRJMldoY05NalV3TnpFd01UZ3pOVEkyV2pBdk1TMHdLd1lEVlFRREV5UTJPVGMzCk5EZzBaaTFrT1RrMExUUmxNamt0WW1GaVpDMDVNbVkyTnpCa05UWTBNVE13Z2dFaU1BMEdDU3FHU0liM0RRRUIKQVFVQUE0SUJEd0F3Z2dFS0FvSUJBUUNmYjJ5Mk12T2RNemlDU3dXS0xOMDlKVHF6Wm5RcUhKeWdiMVlNb0I3cQp1UUhWVFJwNTlFemo1ZG5jUGhvTUw2N1N0OFVYcjRhcHlHMWhpMnNld1pudFNkS0ZZZWN1WjhrOERhYU1XV09jCjdDcDNTdUpyVFdHeS9TQW1tQVNJNlJnMUVDVnlpczZyQUt1WGZaY1c0c1dsWi9QYlp0cTNlVk1sWmdPR3ZtUjUKWVJPV1B0V0NVOUpKRHFuM2hQMTVJM1d1WFNiOUxRQ3ZEQ1RiWWkrc0RqYWNybVZQbDY1Q2Q5OVhpUHNMVGVCZgordjZ6OG1oRFpaNUNjbEg2M3RJaWFLY0tKRDNQNHpMdFVaRFE0Vy9WS0JzVzl5R0cvRy9JbnpQVGw4Y28yOWJjCm5QSTJXM084YzRGSnhYY01GUk1MSUR2WE9ZYi9hTnhqYjc0NWEwVTQrY05oQWdNQkFBR2pJekFoTUE0R0ExVWQKRHdFQi93UUVBd0lDQkRBUEJnTlZIUk1CQWY4RUJUQURBUUgvTUEwR0NTcUdTSWIzRFFFQkN3VUFBNElCQVFDWgpyUCtOVjFpS2tneFByRjVSR0pidFMxbGxGWWlzTlVUSXBORlZzbXdnOVcwWmJzWXUzRTZPNHhqeDU1ZFpPbE5PCms4WWhYM0FxcTBDeEJMUlBwcHBBbFhHZ0NIblNIdlpES1JTaG5IUk5YODJVTGtBUDJRY1QrWTZRSkNxUnZIUmYKd3FFY212VkdpQ3NiUXVkd2pkRXY2VnBhUFFud3ZlM1EvMUljamUxbm54dks3UE9YemR0eHFlOHVUWVZmMzZobwpTRk53WUlQeFJoZXpEWHZsTUpkSHJlRzVuTXhGRC8rVkRHMkdhaDM3MDhCaHFhQjRhc3dHZisyd0h2bFo3cTlFCnZnd05ENmFUTklyY1ByaHA0dHdaNmE3ZEN4SUlFaHAzMW1ESExqNkZZaWdGWXhiVzdxdjhyK25FNkNmKzgzVnkKS2VpSGZYbFhMeC8wcWYraE5mb3QKLS0tLS1FTkQgQ0VSVElGSUNBVEUtLS0tLQo=",
                "password": "",
                "username": ""
              }
            ],
            "master_authorized_networks_config": [],
            "master_version": "1.14.10-gke.36",
            "min_master_version": null,
            "monitoring_service": "monitoring.googleapis.com/kubernetes",
            "name": "k8s",
            "network": "projects/docker-279821/global/networks/default",
            "network_policy": [
              {
                "enabled": false,
                "provider": "PROVIDER_UNSPECIFIED"
              }
            ],
            "node_config": [],
            "node_locations": [
              "us-central1-a",
              "us-central1-b",
              "us-central1-f"
            ],
            "node_pool": [],
            "node_version": "1.14.10-gke.36",
            "pod_security_policy_config": [],
            "private_cluster_config": [],
            "project": "docker-279821",
            "region": "us-central1",
            "remove_default_node_pool": true,
            "resource_labels": null,
            "services_ipv4_cidr": "10.55.240.0/20",
            "subnetwork": "projects/docker-279821/regions/us-central1/subnetworks/default",
            "timeouts": null,
            "zone": null
          },
          "private": "eyJlMmJmYjczMC1lY2FhLTExZTYtOGY4OC0zNDM2M2JjN2M0YzAiOnsiY3JlYXRlIjoxODAwMDAwMDAwMDAwLCJkZWxldGUiOjE4MDAwMDAwMDAwMDAsInVwZGF0ZSI6MzYwMDAwMDAwMDAwMH0sInNjaGVtYV92ZXJzaW9uIjoiMSJ9"
        }
      ]
    },
    {
      "mode": "managed",
      "type": "google_container_node_pool",
      "name": "primary_nodes",
      "provider": "provider.google",
      "instances": [
        {
          "schema_version": 1,
          "attributes": {
            "autoscaling": [],
            "cluster": "k8s",
            "id": "us-central1/k8s/app-project",
            "initial_node_count": 1,
            "instance_group_urls": [
              "https://www.googleapis.com/compute/v1/projects/docker-279821/zones/us-central1-f/instanceGroupManagers/gke-k8s-app-project-326ddc80-grp",
              "https://www.googleapis.com/compute/v1/projects/docker-279821/zones/us-central1-b/instanceGroupManagers/gke-k8s-app-project-92ec13ee-grp",
              "https://www.googleapis.com/compute/v1/projects/docker-279821/zones/us-central1-a/instanceGroupManagers/gke-k8s-app-project-68e25475-grp"
            ],
            "location": "us-central1",
            "management": [
              {
                "auto_repair": true,
                "auto_upgrade": true
              }
            ],
            "max_pods_per_node": null,
            "name": "app-project",
            "name_prefix": "",
            "node_config": [
              {
                "disk_size_gb": 20,
                "disk_type": "pd-standard",
                "guest_accelerator": [],
                "image_type": "COS",
                "labels": {},
                "local_ssd_count": 0,
                "machine_type": "n1-standard-1",
                "metadata": {
                  "disable-legacy-endpoints": "true"
                },
                "min_cpu_platform": "",
                "oauth_scopes": [
                  "https://www.googleapis.com/auth/logging.write",
                  "https://www.googleapis.com/auth/monitoring"
                ],
                "preemptible": true,
                "sandbox_config": [],
                "service_account": "default",
                "tags": [
                  "app"
                ],
                "taint": [],
                "workload_metadata_config": []
              }
            ],
            "node_count": 1,
            "project": "docker-279821",
            "region": "us-central1",
            "timeouts": null,
            "version": "1.14.10-gke.36",
            "zone": null
          },
          "private": "eyJlMmJmYjczMC1lY2FhLTExZTYtOGY4OC0zNDM2M2JjN2M0YzAiOnsiY3JlYXRlIjoxODAwMDAwMDAwMDAwLCJkZWxldGUiOjYwMDAwMDAwMDAwMCwidXBkYXRlIjo2MDAwMDAwMDAwMDB9LCJzY2hlbWFfdmVyc2lvbiI6IjEifQ==",
          "dependencies": [
            "google_container_cluster.k8s"
          ]
        }
      ]
    }
  ]
}
