{
  "version": 4,
  "terraform_version": "0.12.26",
  "serial": 9,
  "lineage": "a2189455-c9cb-1e89-8abf-8e567f114e47",
  "outputs": {},
  "resources": [
    {
      "mode": "managed",
      "type": "google_compute_firewall",
      "name": "k8s-allow-external",
      "provider": "provider.google",
      "instances": [
        {
          "schema_version": 1,
          "attributes": {
            "allow": [
              {
                "ports": [
                  "30000-32767"
                ],
                "protocol": "tcp"
              }
            ],
            "creation_timestamp": "2020-07-11T11:27:29.504-07:00",
            "deny": [],
            "description": "",
            "destination_ranges": [],
            "direction": "INGRESS",
            "disabled": false,
            "id": "k8s-allow-external",
            "name": "k8s-allow-external",
            "network": "https://www.googleapis.com/compute/v1/projects/docker-279821/global/networks/default",
            "priority": 1000,
            "project": "docker-279821",
            "self_link": "https://www.googleapis.com/compute/v1/projects/docker-279821/global/firewalls/k8s-allow-external",
            "source_ranges": [
              "0.0.0.0/0"
            ],
            "source_service_accounts": [],
            "source_tags": [],
            "target_service_accounts": [],
            "target_tags": [
              "app"
            ],
            "timeouts": null
          },
          "private": "eyJlMmJmYjczMC1lY2FhLTExZTYtOGY4OC0zNDM2M2JjN2M0YzAiOnsiY3JlYXRlIjoyNDAwMDAwMDAwMDAsImRlbGV0ZSI6MjQwMDAwMDAwMDAwLCJ1cGRhdGUiOjI0MDAwMDAwMDAwMH0sInNjaGVtYV92ZXJzaW9uIjoiMSJ9"
        }
      ]
    },
    {
      "mode": "managed",
      "type": "google_container_cluster",
      "name": "k8s",
      "provider": "provider.google",
      "instances": [
        {
          "schema_version": 1,
          "attributes": {
            "additional_zones": [
              "us-central1-a",
              "us-central1-b",
              "us-central1-c"
            ],
            "addons_config": [
              {
                "horizontal_pod_autoscaling": [],
                "http_load_balancing": [],
                "kubernetes_dashboard": [
                  {
                    "disabled": true
                  }
                ],
                "network_policy_config": [
                  {
                    "disabled": true
                  }
                ]
              }
            ],
            "cluster_autoscaling": [],
            "cluster_ipv4_cidr": "10.52.0.0/14",
            "description": "",
            "enable_binary_authorization": null,
            "enable_intranode_visibility": null,
            "enable_kubernetes_alpha": false,
            "enable_legacy_abac": false,
            "enable_tpu": null,
            "endpoint": "146.148.65.43",
            "id": "k8s",
            "initial_node_count": 1,
            "instance_group_urls": [],
            "ip_allocation_policy": [
              {
                "cluster_ipv4_cidr_block": "",
                "cluster_secondary_range_name": "",
                "create_subnetwork": false,
                "node_ipv4_cidr_block": "10.128.0.0/20",
                "services_ipv4_cidr_block": "",
                "services_secondary_range_name": "",
                "subnetwork_name": "",
                "use_ip_aliases": false
              }
            ],
            "location": "us-central1",
            "logging_service": "logging.googleapis.com/kubernetes",
            "maintenance_policy": [],
            "master_auth": [
              {
                "client_certificate": "",
                "client_certificate_config": [
                  {
                    "issue_client_certificate": false
                  }
                ],
                "client_key": "",
                "cluster_ca_certificate": "LS0tLS1CRUdJTiBDRVJUSUZJQ0FURS0tLS0tCk1JSURLakNDQWhLZ0F3SUJBZ0lRVzRCTXFMckJTR1AzT2U0NzhSeEpIVEFOQmdrcWhraUc5dzBCQVFzRkFEQXYKTVMwd0t3WURWUVFERXlReE5qSTBZVEUwT1MwM056aGxMVFJtTUdRdE9ERTRaaTAzTjJNd01tUTVaV0ppWmpRdwpIaGNOTWpBd09ESXpNVFl3TnpRd1doY05NalV3T0RJeU1UY3dOelF3V2pBdk1TMHdLd1lEVlFRREV5UXhOakkwCllURTBPUzAzTnpobExUUm1NR1F0T0RFNFppMDNOMk13TW1RNVpXSmlaalF3Z2dFaU1BMEdDU3FHU0liM0RRRUIKQVFVQUE0SUJEd0F3Z2dFS0FvSUJBUURFRHRpeUllTmxacEp2UVN0MzhtM2JGQW5YZWJmRHNuL0J2YlljbitqeQpBTDdWK09DTTFDb3doenB0OHM4Tml4NjZvWGtSV2swOXdMbGpFNmlFRStrRUlhbGJKNXRSWXVDN0U5S3VvdmhQCjFDRlUwdnhDdE51Nk91UndGWXp2cWJXRHJnczFWVG1HL21PcURxS2hrSW84djM5dDFaZ2FoeWVKdm11dWFBRlIKVUNYZlR4YjF1YytXWWIzbHZNZ1NmL3FoSnZjR2h0OVZuN2I1cWUzeFJhLzhkREN2RytweXh3NGNGZ05hR29wQQpDNHFnT0piYjk0R2UzQmo0RTVQMlA1UkE5Ry95eS9jSzMzSlgzSDBmNmF1clpndG9tOFlsQVIzK3F2Q2xTNlJhCnR4Mktadk9jdmE0NHViTDUxQW1tUlh4bnd3RkJhYlFsN0FFbFEySWNGOFpEQWdNQkFBR2pRakJBTUE0R0ExVWQKRHdFQi93UUVBd0lDQkRBUEJnTlZIUk1CQWY4RUJUQURBUUgvTUIwR0ExVWREZ1FXQkJSZi9ST2pWT3lQRUVPZworQWNkRkpNZGcwMFZUREFOQmdrcWhraUc5dzBCQVFzRkFBT0NBUUVBc2dqRTVWM2hMYytuR0FUbUpXR21oNnp6CkpITmxBc3NCd0diWUFzUjBYQkgzL2hLcEhubWVpWUd1dlhxSDNTbGpqV0NXdVJPK1pZUzRYZnZaenpxTlpZQzkKU0cvOG4yZlJDUmI0R0VYV25UNWhSeVFOOU5ia0I3aVk2RzRicjNlSVkwSkQ4NmFMZGxrajRjK0ZPLytXajZnbAptWTFoM0RaM00rTjlPZDJVQ1ZSbGpXQXI5bDFWSnlNU2VVQTljOHNxT0kxUU1mS3RTaUlGT2JqcVRiOEFvRmJGCnBacndmaWxQNHlwUzd1dnZJSHpNVkJHTFpybittWlUrU2RpdlJsbWZMWDkvUTkvVTJqMXh6OHBSM1V5T3lqYjYKcVZVbUc3TEhQZ20xK2R0THM0UlkzTU8xN0ZCcFRONWZYWVk2MzR3dFhjc2NDaDQxdE1vbEcrUFF0U2JsTVE9PQotLS0tLUVORCBDRVJUSUZJQ0FURS0tLS0tCg==",
                "password": "",
                "username": ""
              }
            ],
            "master_authorized_networks_config": [],
            "master_version": "1.15.12-gke.2",
            "min_master_version": null,
            "monitoring_service": "monitoring.googleapis.com/kubernetes",
            "name": "k8s",
            "network": "projects/docker-279821/global/networks/default",
            "network_policy": [
              {
                "enabled": false,
                "provider": "PROVIDER_UNSPECIFIED"
              }
            ],
            "node_config": [],
            "node_locations": [
              "us-central1-a",
              "us-central1-b",
              "us-central1-c"
            ],
            "node_pool": [],
            "node_version": "1.15.12-gke.2",
            "pod_security_policy_config": [],
            "private_cluster_config": [],
            "project": "docker-279821",
            "region": "us-central1",
            "remove_default_node_pool": true,
            "resource_labels": {},
            "services_ipv4_cidr": "10.55.240.0/20",
            "subnetwork": "projects/docker-279821/regions/us-central1/subnetworks/default",
            "timeouts": null,
            "zone": null
          },
          "private": "eyJlMmJmYjczMC1lY2FhLTExZTYtOGY4OC0zNDM2M2JjN2M0YzAiOnsiY3JlYXRlIjoxODAwMDAwMDAwMDAwLCJkZWxldGUiOjE4MDAwMDAwMDAwMDAsInVwZGF0ZSI6MzYwMDAwMDAwMDAwMH0sInNjaGVtYV92ZXJzaW9uIjoiMSJ9"
        }
      ]
    }
  ]
}
